
Microsoft Visual Studio Solution File, Format Version 12.00
# Visual Studio Version 16
VisualStudioVersion = 16.0.31205.134
MinimumVisualStudioVersion = 10.0.40219.1
Project("{FAE04EC0-301F-11D3-BF4B-00C04F79EFBC}") = "cSharpIntermediate", "cSharpIntermediate.csproj", "{F82633EF-808C-469A-BEC6-5ABB46F8E2B3}"
EndProject
Global
	GlobalSection(SolutionConfigurationPlatforms) = preSolution
		Debug|Any CPU = Debug|Any CPU
		Release|Any CPU = Release|Any CPU
	EndGlobalSection
	GlobalSection(ProjectConfigurationPlatforms) = postSolution
		{F82633EF-808C-469A-BEC6-5ABB46F8E2B3}.Debug|Any CPU.ActiveCfg = Debug|Any CPU
		{F82633EF-808C-469A-BEC6-5ABB46F8E2B3}.Debug|Any CPU.Build.0 = Debug|Any CPU
		{F82633EF-808C-469A-BEC6-5ABB46F8E2B3}.Release|Any CPU.ActiveCfg = Release|Any CPU
		{F82633EF-808C-469A-BEC6-5ABB46F8E2B3}.Release|Any CPU.Build.0 = Release|Any CPU
	EndGlobalSection
	GlobalSection(SolutionProperties) = preSolution
		HideSolutionNode = FALSE
	EndGlobalSection
	GlobalSection(ExtensibilityGlobals) = postSolution
		SolutionGuid = {B260CE03-4345-416B-94EB-A95B629AB0E1}
	EndGlobalSection
EndGlobal
